// !$*UTF8*$!
{
	archiveVersion = 1;
	classes = {
	};
	objectVersion = 55;
	objects = {

/* Begin PBXBuildFile section */
		04331A752946D89E005E1F8C /* Cart.swift in Sources */ = {isa = PBXBuildFile; fileRef = 04331A742946D89E005E1F8C /* Cart.swift */; };
		04558204294669EA00276728 /* ProductResponse.swift in Sources */ = {isa = PBXBuildFile; fileRef = 04558203294669EA00276728 /* ProductResponse.swift */; };
		426243B329465753000B50A2 /* AppDelegate.swift in Sources */ = {isa = PBXBuildFile; fileRef = 426243B229465753000B50A2 /* AppDelegate.swift */; };
		426243B529465753000B50A2 /* SceneDelegate.swift in Sources */ = {isa = PBXBuildFile; fileRef = 426243B429465753000B50A2 /* SceneDelegate.swift */; };
		426243BA29465753000B50A2 /* Main.storyboard in Resources */ = {isa = PBXBuildFile; fileRef = 426243B829465753000B50A2 /* Main.storyboard */; };
		426243BC29465754000B50A2 /* Assets.xcassets in Resources */ = {isa = PBXBuildFile; fileRef = 426243BB29465754000B50A2 /* Assets.xcassets */; };
		426243BF29465754000B50A2 /* LaunchScreen.storyboard in Resources */ = {isa = PBXBuildFile; fileRef = 426243BD29465754000B50A2 /* LaunchScreen.storyboard */; };
		426243CA2946ED1A000B50A2 /* ItemCart.swift in Sources */ = {isa = PBXBuildFile; fileRef = 426243C92946ED1A000B50A2 /* ItemCart.swift */; };
		CE006078294766BA0016B23A /* CartConfigurator.swift in Sources */ = {isa = PBXBuildFile; fileRef = CE006077294766BA0016B23A /* CartConfigurator.swift */; };
		CE00607A294766C90016B23A /* HomeConfigurator.swift in Sources */ = {isa = PBXBuildFile; fileRef = CE006079294766C90016B23A /* HomeConfigurator.swift */; };
		CE00607C294767130016B23A /* HomeRouter.swift in Sources */ = {isa = PBXBuildFile; fileRef = CE00607B294767130016B23A /* HomeRouter.swift */; };
		CE006082294774380016B23A /* HomePresenter.swift in Sources */ = {isa = PBXBuildFile; fileRef = CE006081294774380016B23A /* HomePresenter.swift */; };
		CE0060852947745F0016B23A /* HomeInteractor.swift in Sources */ = {isa = PBXBuildFile; fileRef = CE0060842947745F0016B23A /* HomeInteractor.swift */; };
		CE0060872947754E0016B23A /* HomeViewController.swift in Sources */ = {isa = PBXBuildFile; fileRef = CE0060862947754E0016B23A /* HomeViewController.swift */; };
		CE00608A29477A090016B23A /* Networking.swift in Sources */ = {isa = PBXBuildFile; fileRef = CE00608929477A090016B23A /* Networking.swift */; };
		CE006090294793D40016B23A /* HomeCollectionViewCell.swift in Sources */ = {isa = PBXBuildFile; fileRef = CE00608E294793D40016B23A /* HomeCollectionViewCell.swift */; };
		CE006091294793D40016B23A /* HomeCollectionViewCell.xib in Resources */ = {isa = PBXBuildFile; fileRef = CE00608F294793D40016B23A /* HomeCollectionViewCell.xib */; };
		CE00609729479D3F0016B23A /* list_products.json in Resources */ = {isa = PBXBuildFile; fileRef = 0455820529466AE200276728 /* list_products.json */; };
		CEE8D9132947A38D006BC789 /* ItemDetailRouter.swift in Sources */ = {isa = PBXBuildFile; fileRef = CEE8D9122947A38D006BC789 /* ItemDetailRouter.swift */; };
		CEE8D9152947A3C4006BC789 /* ItemDetailPresenter.swift in Sources */ = {isa = PBXBuildFile; fileRef = CEE8D9142947A3C4006BC789 /* ItemDetailPresenter.swift */; };
		CEE8D9182947A3E8006BC789 /* ItemDetailViewController.swift in Sources */ = {isa = PBXBuildFile; fileRef = CEE8D9172947A3E8006BC789 /* ItemDetailViewController.swift */; };
		CEE8D91C2947A45E006BC789 /* ItemDetailInteractor.swift in Sources */ = {isa = PBXBuildFile; fileRef = CEE8D91B2947A45E006BC789 /* ItemDetailInteractor.swift */; };
		CEE8D91E2947A6F4006BC789 /* ItemDetailConfigurator.swift in Sources */ = {isa = PBXBuildFile; fileRef = CEE8D91D2947A6F4006BC789 /* ItemDetailConfigurator.swift */; };
/* End PBXBuildFile section */

/* Begin PBXFileReference section */
		04331A742946D89E005E1F8C /* Cart.swift */ = {isa = PBXFileReference; lastKnownFileType = sourcecode.swift; path = Cart.swift; sourceTree = "<group>"; };
		04558203294669EA00276728 /* ProductResponse.swift */ = {isa = PBXFileReference; lastKnownFileType = sourcecode.swift; path = ProductResponse.swift; sourceTree = "<group>"; };
		0455820529466AE200276728 /* list_products.json */ = {isa = PBXFileReference; lastKnownFileType = text.json; path = list_products.json; sourceTree = "<group>"; };
		426243AF29465753000B50A2 /* Proyecto Final F2D2.app */ = {isa = PBXFileReference; explicitFileType = wrapper.application; includeInIndex = 0; path = "Proyecto Final F2D2.app"; sourceTree = BUILT_PRODUCTS_DIR; };
		426243B229465753000B50A2 /* AppDelegate.swift */ = {isa = PBXFileReference; lastKnownFileType = sourcecode.swift; path = AppDelegate.swift; sourceTree = "<group>"; };
		426243B429465753000B50A2 /* SceneDelegate.swift */ = {isa = PBXFileReference; lastKnownFileType = sourcecode.swift; path = SceneDelegate.swift; sourceTree = "<group>"; };
		426243B929465753000B50A2 /* Base */ = {isa = PBXFileReference; lastKnownFileType = file.storyboard; name = Base; path = Base.lproj/Main.storyboard; sourceTree = "<group>"; };
		426243BB29465754000B50A2 /* Assets.xcassets */ = {isa = PBXFileReference; lastKnownFileType = folder.assetcatalog; path = Assets.xcassets; sourceTree = "<group>"; };
		426243BE29465754000B50A2 /* Base */ = {isa = PBXFileReference; lastKnownFileType = file.storyboard; name = Base; path = Base.lproj/LaunchScreen.storyboard; sourceTree = "<group>"; };
		426243C029465754000B50A2 /* Info.plist */ = {isa = PBXFileReference; lastKnownFileType = text.plist.xml; path = Info.plist; sourceTree = "<group>"; };
		426243C92946ED1A000B50A2 /* ItemCart.swift */ = {isa = PBXFileReference; lastKnownFileType = sourcecode.swift; path = ItemCart.swift; sourceTree = "<group>"; };
		CE006077294766BA0016B23A /* CartConfigurator.swift */ = {isa = PBXFileReference; lastKnownFileType = sourcecode.swift; path = CartConfigurator.swift; sourceTree = "<group>"; };
		CE006079294766C90016B23A /* HomeConfigurator.swift */ = {isa = PBXFileReference; lastKnownFileType = sourcecode.swift; path = HomeConfigurator.swift; sourceTree = "<group>"; };
		CE00607B294767130016B23A /* HomeRouter.swift */ = {isa = PBXFileReference; lastKnownFileType = sourcecode.swift; path = HomeRouter.swift; sourceTree = "<group>"; };
		CE006081294774380016B23A /* HomePresenter.swift */ = {isa = PBXFileReference; lastKnownFileType = sourcecode.swift; path = HomePresenter.swift; sourceTree = "<group>"; };
		CE0060842947745F0016B23A /* HomeInteractor.swift */ = {isa = PBXFileReference; lastKnownFileType = sourcecode.swift; path = HomeInteractor.swift; sourceTree = "<group>"; };
		CE0060862947754E0016B23A /* HomeViewController.swift */ = {isa = PBXFileReference; lastKnownFileType = sourcecode.swift; path = HomeViewController.swift; sourceTree = "<group>"; };
		CE00608929477A090016B23A /* Networking.swift */ = {isa = PBXFileReference; lastKnownFileType = sourcecode.swift; path = Networking.swift; sourceTree = "<group>"; };
		CE00608E294793D40016B23A /* HomeCollectionViewCell.swift */ = {isa = PBXFileReference; lastKnownFileType = sourcecode.swift; path = HomeCollectionViewCell.swift; sourceTree = "<group>"; };
		CE00608F294793D40016B23A /* HomeCollectionViewCell.xib */ = {isa = PBXFileReference; lastKnownFileType = file.xib; path = HomeCollectionViewCell.xib; sourceTree = "<group>"; };
		CEE8D9122947A38D006BC789 /* ItemDetailRouter.swift */ = {isa = PBXFileReference; lastKnownFileType = sourcecode.swift; path = ItemDetailRouter.swift; sourceTree = "<group>"; };
		CEE8D9142947A3C4006BC789 /* ItemDetailPresenter.swift */ = {isa = PBXFileReference; lastKnownFileType = sourcecode.swift; path = ItemDetailPresenter.swift; sourceTree = "<group>"; };
		CEE8D9172947A3E8006BC789 /* ItemDetailViewController.swift */ = {isa = PBXFileReference; lastKnownFileType = sourcecode.swift; path = ItemDetailViewController.swift; sourceTree = "<group>"; };
		CEE8D91B2947A45E006BC789 /* ItemDetailInteractor.swift */ = {isa = PBXFileReference; lastKnownFileType = sourcecode.swift; path = ItemDetailInteractor.swift; sourceTree = "<group>"; };
		CEE8D91D2947A6F4006BC789 /* ItemDetailConfigurator.swift */ = {isa = PBXFileReference; lastKnownFileType = sourcecode.swift; path = ItemDetailConfigurator.swift; sourceTree = "<group>"; };
/* End PBXFileReference section */

/* Begin PBXFrameworksBuildPhase section */
		426243AC29465753000B50A2 /* Frameworks */ = {
			isa = PBXFrameworksBuildPhase;
			buildActionMask = 2147483647;
			files = (
			);
			runOnlyForDeploymentPostprocessing = 0;
		};
/* End PBXFrameworksBuildPhase section */

/* Begin PBXGroup section */
		426243A629465753000B50A2 = {
			isa = PBXGroup;
			children = (
				426243B129465753000B50A2 /* Proyecto Final F2D2 */,
				426243B029465753000B50A2 /* Products */,
			);
			sourceTree = "<group>";
		};
		426243B029465753000B50A2 /* Products */ = {
			isa = PBXGroup;
			children = (
				426243AF29465753000B50A2 /* Proyecto Final F2D2.app */,
			);
			name = Products;
			sourceTree = "<group>";
		};
		426243B129465753000B50A2 /* Proyecto Final F2D2 */ = {
			isa = PBXGroup;
			children = (
				426243B229465753000B50A2 /* AppDelegate.swift */,
				426243B429465753000B50A2 /* SceneDelegate.swift */,
				426243C82946E9CA000B50A2 /* Resources */,
				CE00608829477A010016B23A /* Extras */,
				CE00606F294766410016B23A /* Modules */,
				426243B829465753000B50A2 /* Main.storyboard */,
				426243BB29465754000B50A2 /* Assets.xcassets */,
				426243BD29465754000B50A2 /* LaunchScreen.storyboard */,
				426243C029465754000B50A2 /* Info.plist */,
			);
			path = "Proyecto Final F2D2";
			sourceTree = "<group>";
		};
		426243C82946E9CA000B50A2 /* Resources */ = {
			isa = PBXGroup;
			children = (
				0455820529466AE200276728 /* list_products.json */,
			);
			path = Resources;
			sourceTree = "<group>";
		};
		CE00606F294766410016B23A /* Modules */ = {
			isa = PBXGroup;
			children = (
				CE0060742947668D0016B23A /* Cart */,
				CEE8D90F2947A360006BC789 /* ItemDetail */,
				CE006070294766500016B23A /* Home */,
			);
			path = Modules;
			sourceTree = "<group>";
		};
		CE006070294766500016B23A /* Home */ = {
			isa = PBXGroup;
			children = (
				CE006079294766C90016B23A /* HomeConfigurator.swift */,
				CE006072294766600016B23A /* Router */,
				CE00607D294774170016B23A /* Entity */,
				CE006080294774310016B23A /* Presenter */,
				CE006083294774480016B23A /* Interactor */,
				CE006071294766580016B23A /* View */,
			);
			path = Home;
			sourceTree = "<group>";
		};
		CE006071294766580016B23A /* View */ = {
			isa = PBXGroup;
			children = (
				CE0060862947754E0016B23A /* HomeViewController.swift */,
				CE00608E294793D40016B23A /* HomeCollectionViewCell.swift */,
				CE00608F294793D40016B23A /* HomeCollectionViewCell.xib */,
			);
			path = View;
			sourceTree = "<group>";
		};
		CE006072294766600016B23A /* Router */ = {
			isa = PBXGroup;
			children = (
				CE00607B294767130016B23A /* HomeRouter.swift */,
			);
			path = Router;
			sourceTree = "<group>";
		};
		CE0060742947668D0016B23A /* Cart */ = {
			isa = PBXGroup;
			children = (
				CEE8D90E2947A31D006BC789 /* Entity */,
				CE006077294766BA0016B23A /* CartConfigurator.swift */,
				CE006075294766940016B23A /* Router */,
				CE0060762947669F0016B23A /* View */,
			);
			path = Cart;
			sourceTree = "<group>";
		};
		CE006075294766940016B23A /* Router */ = {
			isa = PBXGroup;
			children = (
			);
			path = Router;
			sourceTree = "<group>";
		};
		CE0060762947669F0016B23A /* View */ = {
			isa = PBXGroup;
			children = (
			);
			path = View;
			sourceTree = "<group>";
		};
		CE00607D294774170016B23A /* Entity */ = {
			isa = PBXGroup;
			children = (
				04558203294669EA00276728 /* ProductResponse.swift */,
			);
			path = Entity;
			sourceTree = "<group>";
		};
		CE006080294774310016B23A /* Presenter */ = {
			isa = PBXGroup;
			children = (
				CE006081294774380016B23A /* HomePresenter.swift */,
			);
			path = Presenter;
			sourceTree = "<group>";
		};
		CE006083294774480016B23A /* Interactor */ = {
			isa = PBXGroup;
			children = (
				CE0060842947745F0016B23A /* HomeInteractor.swift */,
			);
			path = Interactor;
			sourceTree = "<group>";
		};
		CE00608829477A010016B23A /* Extras */ = {
			isa = PBXGroup;
			children = (
				CE00608929477A090016B23A /* Networking.swift */,
			);
			path = Extras;
			sourceTree = "<group>";
		};
		CEE8D90E2947A31D006BC789 /* Entity */ = {
			isa = PBXGroup;
			children = (
				04331A742946D89E005E1F8C /* Cart.swift */,
				426243C92946ED1A000B50A2 /* ItemCart.swift */,
			);
			path = Entity;
			sourceTree = "<group>";
		};
		CEE8D90F2947A360006BC789 /* ItemDetail */ = {
			isa = PBXGroup;
			children = (
				CEE8D91D2947A6F4006BC789 /* ItemDetailConfigurator.swift */,
				CEE8D9102947A36D006BC789 /* Router */,
				CEE8D9192947A442006BC789 /* Entity */,
				CEE8D9112947A37A006BC789 /* Presenter */,
				CEE8D91A2947A458006BC789 /* Interactor */,
				CEE8D9162947A3DF006BC789 /* View */,
			);
			path = ItemDetail;
			sourceTree = "<group>";
		};
		CEE8D9102947A36D006BC789 /* Router */ = {
			isa = PBXGroup;
			children = (
				CEE8D9122947A38D006BC789 /* ItemDetailRouter.swift */,
			);
			path = Router;
			sourceTree = "<group>";
		};
		CEE8D9112947A37A006BC789 /* Presenter */ = {
			isa = PBXGroup;
			children = (
				CEE8D9142947A3C4006BC789 /* ItemDetailPresenter.swift */,
			);
			path = Presenter;
			sourceTree = "<group>";
		};
		CEE8D9162947A3DF006BC789 /* View */ = {
			isa = PBXGroup;
			children = (
				CEE8D9172947A3E8006BC789 /* ItemDetailViewController.swift */,
			);
			path = View;
			sourceTree = "<group>";
		};
		CEE8D9192947A442006BC789 /* Entity */ = {
			isa = PBXGroup;
			children = (
			);
			path = Entity;
			sourceTree = "<group>";
		};
		CEE8D91A2947A458006BC789 /* Interactor */ = {
			isa = PBXGroup;
			children = (
				CEE8D91B2947A45E006BC789 /* ItemDetailInteractor.swift */,
			);
			path = Interactor;
			sourceTree = "<group>";
		};
/* End PBXGroup section */

/* Begin PBXNativeTarget section */
		426243AE29465753000B50A2 /* Proyecto Final F2D2 */ = {
			isa = PBXNativeTarget;
			buildConfigurationList = 426243C329465754000B50A2 /* Build configuration list for PBXNativeTarget "Proyecto Final F2D2" */;
			buildPhases = (
				426243AB29465753000B50A2 /* Sources */,
				426243AC29465753000B50A2 /* Frameworks */,
				426243AD29465753000B50A2 /* Resources */,
			);
			buildRules = (
			);
			dependencies = (
			);
			name = "Proyecto Final F2D2";
			productName = "Proyecto Final F2D2";
			productReference = 426243AF29465753000B50A2 /* Proyecto Final F2D2.app */;
			productType = "com.apple.product-type.application";
		};
/* End PBXNativeTarget section */

/* Begin PBXProject section */
		426243A729465753000B50A2 /* Project object */ = {
			isa = PBXProject;
			attributes = {
				BuildIndependentTargetsInParallel = 1;
				LastSwiftUpdateCheck = 1410;
				LastUpgradeCheck = 1410;
				TargetAttributes = {
					426243AE29465753000B50A2 = {
						CreatedOnToolsVersion = 14.1;
					};
				};
			};
			buildConfigurationList = 426243AA29465753000B50A2 /* Build configuration list for PBXProject "Proyecto Final F2D2" */;
			compatibilityVersion = "Xcode 13.0";
			developmentRegion = en;
			hasScannedForEncodings = 0;
			knownRegions = (
				en,
				Base,
			);
			mainGroup = 426243A629465753000B50A2;
			productRefGroup = 426243B029465753000B50A2 /* Products */;
			projectDirPath = "";
			projectRoot = "";
			targets = (
				426243AE29465753000B50A2 /* Proyecto Final F2D2 */,
			);
		};
/* End PBXProject section */

/* Begin PBXResourcesBuildPhase section */
		426243AD29465753000B50A2 /* Resources */ = {
			isa = PBXResourcesBuildPhase;
			buildActionMask = 2147483647;
			files = (
				CE006091294793D40016B23A /* HomeCollectionViewCell.xib in Resources */,
				426243BF29465754000B50A2 /* LaunchScreen.storyboard in Resources */,
				426243BC29465754000B50A2 /* Assets.xcassets in Resources */,
				CE00609729479D3F0016B23A /* list_products.json in Resources */,
				426243BA29465753000B50A2 /* Main.storyboard in Resources */,
			);
			runOnlyForDeploymentPostprocessing = 0;
		};
/* End PBXResourcesBuildPhase section */

/* Begin PBXSourcesBuildPhase section */
		426243AB29465753000B50A2 /* Sources */ = {
			isa = PBXSourcesBuildPhase;
			buildActionMask = 2147483647;
			files = (
				CEE8D91E2947A6F4006BC789 /* ItemDetailConfigurator.swift in Sources */,
				04331A752946D89E005E1F8C /* Cart.swift in Sources */,
				CE006082294774380016B23A /* HomePresenter.swift in Sources */,
				CEE8D9132947A38D006BC789 /* ItemDetailRouter.swift in Sources */,
				CEE8D9152947A3C4006BC789 /* ItemDetailPresenter.swift in Sources */,
				04558204294669EA00276728 /* ProductResponse.swift in Sources */,
				CE0060872947754E0016B23A /* HomeViewController.swift in Sources */,
				CE00608A29477A090016B23A /* Networking.swift in Sources */,
				CE006090294793D40016B23A /* HomeCollectionViewCell.swift in Sources */,
				426243CA2946ED1A000B50A2 /* ItemCart.swift in Sources */,
				426243B329465753000B50A2 /* AppDelegate.swift in Sources */,
				CE0060852947745F0016B23A /* HomeInteractor.swift in Sources */,
				CE00607A294766C90016B23A /* HomeConfigurator.swift in Sources */,
				CEE8D91C2947A45E006BC789 /* ItemDetailInteractor.swift in Sources */,
				CEE8D9182947A3E8006BC789 /* ItemDetailViewController.swift in Sources */,
				CE006078294766BA0016B23A /* CartConfigurator.swift in Sources */,
				426243B529465753000B50A2 /* SceneDelegate.swift in Sources */,
				CE00607C294767130016B23A /* HomeRouter.swift in Sources */,
			);
			runOnlyForDeploymentPostprocessing = 0;
		};
/* End PBXSourcesBuildPhase section */

/* Begin PBXVariantGroup section */
		426243B829465753000B50A2 /* Main.storyboard */ = {
			isa = PBXVariantGroup;
			children = (
				426243B929465753000B50A2 /* Base */,
			);
			name = Main.storyboard;
			sourceTree = "<group>";
		};
		426243BD29465754000B50A2 /* LaunchScreen.storyboard */ = {
			isa = PBXVariantGroup;
			children = (
				426243BE29465754000B50A2 /* Base */,
			);
			name = LaunchScreen.storyboard;
			sourceTree = "<group>";
		};
/* End PBXVariantGroup section */

/* Begin XCBuildConfiguration section */
		426243C129465754000B50A2 /* Debug */ = {
			isa = XCBuildConfiguration;
			buildSettings = {
				ALWAYS_SEARCH_USER_PATHS = NO;
				CLANG_ANALYZER_NONNULL = YES;
				CLANG_ANALYZER_NUMBER_OBJECT_CONVERSION = YES_AGGRESSIVE;
				CLANG_CXX_LANGUAGE_STANDARD = "gnu++20";
				CLANG_ENABLE_MODULES = YES;
				CLANG_ENABLE_OBJC_ARC = YES;
				CLANG_ENABLE_OBJC_WEAK = YES;
				CLANG_WARN_BLOCK_CAPTURE_AUTORELEASING = YES;
				CLANG_WARN_BOOL_CONVERSION = YES;
				CLANG_WARN_COMMA = YES;
				CLANG_WARN_CONSTANT_CONVERSION = YES;
				CLANG_WARN_DEPRECATED_OBJC_IMPLEMENTATIONS = YES;
				CLANG_WARN_DIRECT_OBJC_ISA_USAGE = YES_ERROR;
				CLANG_WARN_DOCUMENTATION_COMMENTS = YES;
				CLANG_WARN_EMPTY_BODY = YES;
				CLANG_WARN_ENUM_CONVERSION = YES;
				CLANG_WARN_INFINITE_RECURSION = YES;
				CLANG_WARN_INT_CONVERSION = YES;
				CLANG_WARN_NON_LITERAL_NULL_CONVERSION = YES;
				CLANG_WARN_OBJC_IMPLICIT_RETAIN_SELF = YES;
				CLANG_WARN_OBJC_LITERAL_CONVERSION = YES;
				CLANG_WARN_OBJC_ROOT_CLASS = YES_ERROR;
				CLANG_WARN_QUOTED_INCLUDE_IN_FRAMEWORK_HEADER = YES;
				CLANG_WARN_RANGE_LOOP_ANALYSIS = YES;
				CLANG_WARN_STRICT_PROTOTYPES = YES;
				CLANG_WARN_SUSPICIOUS_MOVE = YES;
				CLANG_WARN_UNGUARDED_AVAILABILITY = YES_AGGRESSIVE;
				CLANG_WARN_UNREACHABLE_CODE = YES;
				CLANG_WARN__DUPLICATE_METHOD_MATCH = YES;
				COPY_PHASE_STRIP = NO;
				DEBUG_INFORMATION_FORMAT = dwarf;
				ENABLE_STRICT_OBJC_MSGSEND = YES;
				ENABLE_TESTABILITY = YES;
				GCC_C_LANGUAGE_STANDARD = gnu11;
				GCC_DYNAMIC_NO_PIC = NO;
				GCC_NO_COMMON_BLOCKS = YES;
				GCC_OPTIMIZATION_LEVEL = 0;
				GCC_PREPROCESSOR_DEFINITIONS = (
					"DEBUG=1",
					"$(inherited)",
				);
				GCC_WARN_64_TO_32_BIT_CONVERSION = YES;
				GCC_WARN_ABOUT_RETURN_TYPE = YES_ERROR;
				GCC_WARN_UNDECLARED_SELECTOR = YES;
				GCC_WARN_UNINITIALIZED_AUTOS = YES_AGGRESSIVE;
				GCC_WARN_UNUSED_FUNCTION = YES;
				GCC_WARN_UNUSED_VARIABLE = YES;
				IPHONEOS_DEPLOYMENT_TARGET = 15.0;
				MTL_ENABLE_DEBUG_INFO = INCLUDE_SOURCE;
				MTL_FAST_MATH = YES;
				ONLY_ACTIVE_ARCH = YES;
				SDKROOT = iphoneos;
				SWIFT_ACTIVE_COMPILATION_CONDITIONS = DEBUG;
				SWIFT_OPTIMIZATION_LEVEL = "-Onone";
			};
			name = Debug;
		};
		426243C229465754000B50A2 /* Release */ = {
			isa = XCBuildConfiguration;
			buildSettings = {
				ALWAYS_SEARCH_USER_PATHS = NO;
				CLANG_ANALYZER_NONNULL = YES;
				CLANG_ANALYZER_NUMBER_OBJECT_CONVERSION = YES_AGGRESSIVE;
				CLANG_CXX_LANGUAGE_STANDARD = "gnu++20";
				CLANG_ENABLE_MODULES = YES;
				CLANG_ENABLE_OBJC_ARC = YES;
				CLANG_ENABLE_OBJC_WEAK = YES;
				CLANG_WARN_BLOCK_CAPTURE_AUTORELEASING = YES;
				CLANG_WARN_BOOL_CONVERSION = YES;
				CLANG_WARN_COMMA = YES;
				CLANG_WARN_CONSTANT_CONVERSION = YES;
				CLANG_WARN_DEPRECATED_OBJC_IMPLEMENTATIONS = YES;
				CLANG_WARN_DIRECT_OBJC_ISA_USAGE = YES_ERROR;
				CLANG_WARN_DOCUMENTATION_COMMENTS = YES;
				CLANG_WARN_EMPTY_BODY = YES;
				CLANG_WARN_ENUM_CONVERSION = YES;
				CLANG_WARN_INFINITE_RECURSION = YES;
				CLANG_WARN_INT_CONVERSION = YES;
				CLANG_WARN_NON_LITERAL_NULL_CONVERSION = YES;
				CLANG_WARN_OBJC_IMPLICIT_RETAIN_SELF = YES;
				CLANG_WARN_OBJC_LITERAL_CONVERSION = YES;
				CLANG_WARN_OBJC_ROOT_CLASS = YES_ERROR;
				CLANG_WARN_QUOTED_INCLUDE_IN_FRAMEWORK_HEADER = YES;
				CLANG_WARN_RANGE_LOOP_ANALYSIS = YES;
				CLANG_WARN_STRICT_PROTOTYPES = YES;
				CLANG_WARN_SUSPICIOUS_MOVE = YES;
				CLANG_WARN_UNGUARDED_AVAILABILITY = YES_AGGRESSIVE;
				CLANG_WARN_UNREACHABLE_CODE = YES;
				CLANG_WARN__DUPLICATE_METHOD_MATCH = YES;
				COPY_PHASE_STRIP = NO;
				DEBUG_INFORMATION_FORMAT = "dwarf-with-dsym";
				ENABLE_NS_ASSERTIONS = NO;
				ENABLE_STRICT_OBJC_MSGSEND = YES;
				GCC_C_LANGUAGE_STANDARD = gnu11;
				GCC_NO_COMMON_BLOCKS = YES;
				GCC_WARN_64_TO_32_BIT_CONVERSION = YES;
				GCC_WARN_ABOUT_RETURN_TYPE = YES_ERROR;
				GCC_WARN_UNDECLARED_SELECTOR = YES;
				GCC_WARN_UNINITIALIZED_AUTOS = YES_AGGRESSIVE;
				GCC_WARN_UNUSED_FUNCTION = YES;
				GCC_WARN_UNUSED_VARIABLE = YES;
				IPHONEOS_DEPLOYMENT_TARGET = 15.0;
				MTL_ENABLE_DEBUG_INFO = NO;
				MTL_FAST_MATH = YES;
				SDKROOT = iphoneos;
				SWIFT_COMPILATION_MODE = wholemodule;
				SWIFT_OPTIMIZATION_LEVEL = "-O";
				VALIDATE_PRODUCT = YES;
			};
			name = Release;
		};
		426243C429465754000B50A2 /* Debug */ = {
			isa = XCBuildConfiguration;
			buildSettings = {
				ASSETCATALOG_COMPILER_APPICON_NAME = AppIcon;
				ASSETCATALOG_COMPILER_GLOBAL_ACCENT_COLOR_NAME = AccentColor;
				CODE_SIGN_STYLE = Automatic;
				CURRENT_PROJECT_VERSION = 1;
				DEVELOPMENT_TEAM = 3Z63359ZJ2;
				GENERATE_INFOPLIST_FILE = YES;
				INFOPLIST_FILE = "Proyecto Final F2D2/Info.plist";
				INFOPLIST_KEY_UIApplicationSupportsIndirectInputEvents = YES;
				INFOPLIST_KEY_UILaunchStoryboardName = LaunchScreen;
				INFOPLIST_KEY_UIMainStoryboardFile = Main;
				INFOPLIST_KEY_UISupportedInterfaceOrientations_iPad = "UIInterfaceOrientationPortrait UIInterfaceOrientationPortraitUpsideDown UIInterfaceOrientationLandscapeLeft UIInterfaceOrientationLandscapeRight";
				INFOPLIST_KEY_UISupportedInterfaceOrientations_iPhone = "UIInterfaceOrientationPortrait UIInterfaceOrientationLandscapeLeft UIInterfaceOrientationLandscapeRight";
				LD_RUNPATH_SEARCH_PATHS = (
					"$(inherited)",
					"@executable_path/Frameworks",
				);
				MARKETING_VERSION = 1.0;
				PRODUCT_BUNDLE_IDENTIFIER = "com.prueba.proyecto.final2022.Proyecto-Final-F2D2";
				PRODUCT_NAME = "$(TARGET_NAME)";
				SWIFT_EMIT_LOC_STRINGS = YES;
				SWIFT_VERSION = 5.0;
				TARGETED_DEVICE_FAMILY = "1,2";
			};
			name = Debug;
		};
		426243C529465754000B50A2 /* Release */ = {
			isa = XCBuildConfiguration;
			buildSettings = {
				ASSETCATALOG_COMPILER_APPICON_NAME = AppIcon;
				ASSETCATALOG_COMPILER_GLOBAL_ACCENT_COLOR_NAME = AccentColor;
				CODE_SIGN_STYLE = Automatic;
				CURRENT_PROJECT_VERSION = 1;
				DEVELOPMENT_TEAM = 3Z63359ZJ2;
				GENERATE_INFOPLIST_FILE = YES;
				INFOPLIST_FILE = "Proyecto Final F2D2/Info.plist";
				INFOPLIST_KEY_UIApplicationSupportsIndirectInputEvents = YES;
				INFOPLIST_KEY_UILaunchStoryboardName = LaunchScreen;
				INFOPLIST_KEY_UIMainStoryboardFile = Main;
				INFOPLIST_KEY_UISupportedInterfaceOrientations_iPad = "UIInterfaceOrientationPortrait UIInterfaceOrientationPortraitUpsideDown UIInterfaceOrientationLandscapeLeft UIInterfaceOrientationLandscapeRight";
				INFOPLIST_KEY_UISupportedInterfaceOrientations_iPhone = "UIInterfaceOrientationPortrait UIInterfaceOrientationLandscapeLeft UIInterfaceOrientationLandscapeRight";
				LD_RUNPATH_SEARCH_PATHS = (
					"$(inherited)",
					"@executable_path/Frameworks",
				);
				MARKETING_VERSION = 1.0;
				PRODUCT_BUNDLE_IDENTIFIER = "com.prueba.proyecto.final2022.Proyecto-Final-F2D2";
				PRODUCT_NAME = "$(TARGET_NAME)";
				SWIFT_EMIT_LOC_STRINGS = YES;
				SWIFT_VERSION = 5.0;
				TARGETED_DEVICE_FAMILY = "1,2";
			};
			name = Release;
		};
/* End XCBuildConfiguration section */

/* Begin XCConfigurationList section */
		426243AA29465753000B50A2 /* Build configuration list for PBXProject "Proyecto Final F2D2" */ = {
			isa = XCConfigurationList;
			buildConfigurations = (
				426243C129465754000B50A2 /* Debug */,
				426243C229465754000B50A2 /* Release */,
			);
			defaultConfigurationIsVisible = 0;
			defaultConfigurationName = Release;
		};
		426243C329465754000B50A2 /* Build configuration list for PBXNativeTarget "Proyecto Final F2D2" */ = {
			isa = XCConfigurationList;
			buildConfigurations = (
				426243C429465754000B50A2 /* Debug */,
				426243C529465754000B50A2 /* Release */,
			);
			defaultConfigurationIsVisible = 0;
			defaultConfigurationName = Release;
		};
/* End XCConfigurationList section */
	};
	rootObject = 426243A729465753000B50A2 /* Project object */;
}
